{
  "name": "odetofood",
  "version": "1.0.0",
  "lockfileVersion": 1,
  "requires": true,
  "dependencies": {
    "datatables.net": {
      "version": "1.11.5",
      "resolved": "https://registry.npmjs.org/datatables.net/-/datatables.net-1.11.5.tgz",
      "integrity": "sha512-nlFst2xfwSWaQgaOg5sXVG3cxYC0tH8E8d65289w9ROgF2TmLULOOpcdMpyxxUim/qEwVSEem42RjkTWEpr3eA==",
      "requires": {
        "jquery": ">=1.7"
      }
    },
    "datatables.net-autofill": {
      "version": "2.3.9",
      "resolved": "https://registry.npmjs.org/datatables.net-autofill/-/datatables.net-autofill-2.3.9.tgz",
      "integrity": "sha512-A1e+VaeRsiNkWgoxLJVT0qo4WEffVoLYdF6XiXtFa6kd+Hl29AixSn2F9wZNWrvHB5+d+LXj9kBlMi++c/kAAw==",
      "requires": {
        "datatables.net": ">=1.10.25",
        "jquery": ">=1.7"
      }
    },
    "datatables.net-autofill-bs4": {
      "version": "2.3.9",
      "resolved": "https://registry.npmjs.org/datatables.net-autofill-bs4/-/datatables.net-autofill-bs4-2.3.9.tgz",
      "integrity": "sha512-R3loty1CNQxwokpRQ1AJHNTYaiuugoV0vuehsSVZtspbiCah/p/2f2vqJrEUami/3yJh7sLxFJemy3Y0fBHPOA==",
      "requires": {
        "datatables.net-autofill": ">=2.3.7",
        "datatables.net-bs4": ">=1.10.25",
        "jquery": ">=1.7"
      }
    },
    "datatables.net-bs4": {
      "version": "1.11.5",
      "resolved": "https://registry.npmjs.org/datatables.net-bs4/-/datatables.net-bs4-1.11.5.tgz",
      "integrity": "sha512-tYE9MnyWIW4P8nm41yQnCqW4dUPK3M7qsuxQY5rViFFKDEU0bUUNAnE9+69P5/4Exe4uyXaY05xFkD00niPZUA==",
      "requires": {
        "datatables.net": ">=1.11.3",
        "jquery": ">=1.7"
      }
    },
    "datatables.net-buttons": {
      "version": "2.2.2",
      "resolved": "https://registry.npmjs.org/datatables.net-buttons/-/datatables.net-buttons-2.2.2.tgz",
      "integrity": "sha512-YrTgBDejFSzm2CJOx0aOACXDIELBsdMFe6IR3rJqC0elJoMd6uXVQ4pRBQEge4cfWpYa5T1Majm7r6FQi0j6Jw==",
      "requires": {
        "datatables.net": ">=1.11.3",
        "jquery": ">=1.7"
      }
    },
    "datatables.net-buttons-bs4": {
      "version": "2.2.2",
      "resolved": "https://registry.npmjs.org/datatables.net-buttons-bs4/-/datatables.net-buttons-bs4-2.2.2.tgz",
      "integrity": "sha512-uQAuWXYy5GAwC7fsFoigMAGqoOD4b+qVA9e3USnzV17cRVG4oj46CyB9a/FhyEtflO812aMFyAl/7rkfnIWS2w==",
      "requires": {
        "datatables.net-bs4": ">=1.11.3",
        "datatables.net-buttons": ">=2.0.1",
        "jquery": ">=1.7"
      }
    },
    "jquery": {
      "version": "3.6.0",
      "resolved": "https://registry.npmjs.org/jquery/-/jquery-3.6.0.tgz",
      "integrity": "sha512-JVzAR/AjBvVt2BmYhxRCSYysDsPcssdmTFnzyLEts9qNwmjmu4JTAMYubEfwVOSwpQ1I1sKKFcxhZCI2buerfw=="
    }
  }
}
